{
  "name": "ontodia-docker",
  "version": "1.0.0",
  "lockfileVersion": 1,
  "requires": true,
  "dependencies": {
    "d3-color": {
      "version": "1.0.4",
      "resolved": "https://registry.npmjs.org/d3-color/-/d3-color-1.0.4.tgz",
      "integrity": "sha512-k26QBhtqbRfFbRHpIFiNsXm2uio10OcRmR1mw28AHbbnCmtJInF/Bja1rhNcJfqew3uMt5BQwr+kgp/5iCl0IQ=="
    },
    "d3-dispatch": {
      "version": "1.0.6",
      "resolved": "https://registry.npmjs.org/d3-dispatch/-/d3-dispatch-1.0.6.tgz",
      "integrity": "sha512-fVjoElzjhCEy+Hbn8KygnmMS7Or0a9sI2UzGwoB7cCtvI1XpVN9GpoYlnb3xt2YV66oXYb1fLJ8GMvP4hdU1RA=="
    },
    "d3-drag": {
      "version": "1.2.5",
      "resolved": "https://registry.npmjs.org/d3-drag/-/d3-drag-1.2.5.tgz",
      "integrity": "sha512-rD1ohlkKQwMZYkQlYVCrSFxsWPzI97+W+PaEIBNTMxRuxz9RF0Hi5nJWHGVJ3Om9d2fRTe1yOBINJyy/ahV95w==",
      "requires": {
        "d3-dispatch": "1",
        "d3-selection": "1"
      }
    },
    "d3-selection": {
      "version": "1.4.1",
      "resolved": "https://registry.npmjs.org/d3-selection/-/d3-selection-1.4.1.tgz",
      "integrity": "sha512-BTIbRjv/m5rcVTfBs4AMBLKs4x8XaaLkwm28KWu9S2vKNqXkXt2AH2Qf0sdPZHjFxcWg/YL53zcqAz+3g4/7PA=="
    },
    "d3-timer": {
      "version": "1.0.10",
      "resolved": "https://registry.npmjs.org/d3-timer/-/d3-timer-1.0.10.tgz",
      "integrity": "sha512-B1JDm0XDaQC+uvo4DT79H0XmBskgS3l6Ve+1SBCfxgmtIb1AVrPIoqd+nPSv+loMX8szQ0sVUhGngL7D5QPiXw=="
    },
    "es6-promise": {
      "version": "3.3.1",
      "resolved": "https://registry.npmjs.org/es6-promise/-/es6-promise-3.3.1.tgz",
      "integrity": "sha1-oIzd6EzNvzTQJ6FFG8kdS80ophM="
    },
    "file-saverjs": {
      "version": "1.3.6",
      "resolved": "https://registry.npmjs.org/file-saverjs/-/file-saverjs-1.3.6.tgz",
      "integrity": "sha1-t6RU4Sb1bPcfy3AVm4NWFCZU544="
    },
    "lodash": {
      "version": "4.17.15",
      "resolved": "https://registry.npmjs.org/lodash/-/lodash-4.17.15.tgz",
      "integrity": "sha512-8xOcRHvCjnocdS5cpwXQXVzmmh5e5+saE2QGoeQmbKmRS6J3VQppPOIt0MnmE+4xlZoumy0GPG0D0MVIQbNA1A=="
    },
    "n3": {
      "version": "0.10.0",
      "resolved": "https://registry.npmjs.org/n3/-/n3-0.10.0.tgz",
      "integrity": "sha1-df0Q8Ids3RdJ/IWRgfJmcUZ9TWM="
    },
    "ontodia": {
      "version": "0.12.0",
      "resolved": "https://registry.npmjs.org/ontodia/-/ontodia-0.12.0.tgz",
      "integrity": "sha512-a/w/wKYyKdqdnSW0ZZeMAV+pDsMlnVf3C0Fscf3oHVhjo3Sp8zuq23ammAlJCwfO1519hDdcvki49NIou7gUDA==",
      "requires": {
        "d3-color": "~1.0.2",
        "file-saverjs": "~1.3.6",
        "lodash": "~4.17.10",
        "n3": "~0.10.0",
        "rdf-ext": "~0.3.0",
        "webcola": "~3.3.8",
        "whatwg-fetch": "~2.0.2"
      }
    },
    "rdf-ext": {
      "version": "0.3.0",
      "resolved": "https://registry.npmjs.org/rdf-ext/-/rdf-ext-0.3.0.tgz",
      "integrity": "sha1-lUvXuNEXCDyKLqnSotJ3Wgdz/gI=",
      "requires": {
        "es6-promise": "^3.0.2",
        "rdf-graph-array": "^0.3.0",
        "rdf-store-inmemory": "^0.3.0"
      }
    },
    "rdf-graph-abstract": {
      "version": "0.3.0",
      "resolved": "https://registry.npmjs.org/rdf-graph-abstract/-/rdf-graph-abstract-0.3.0.tgz",
      "integrity": "sha1-gAZBZNzWCQflO++XLIv/DmGsFDM=",
      "requires": {
        "rdf-normalize": "^0.3.0"
      }
    },
    "rdf-graph-array": {
      "version": "0.3.0",
      "resolved": "https://registry.npmjs.org/rdf-graph-array/-/rdf-graph-array-0.3.0.tgz",
      "integrity": "sha1-DMk0JP87Fr+J8/RHlcZTKJEa8Ng=",
      "requires": {
        "rdf-graph-abstract": "^0.3.0"
      }
    },
    "rdf-normalize": {
      "version": "0.3.0",
      "resolved": "https://registry.npmjs.org/rdf-normalize/-/rdf-normalize-0.3.0.tgz",
      "integrity": "sha1-J2H1sh0kYyW4+zxOk9+Vn2L5Zqg="
    },
    "rdf-store-abstract": {
      "version": "0.3.0",
      "resolved": "https://registry.npmjs.org/rdf-store-abstract/-/rdf-store-abstract-0.3.0.tgz",
      "integrity": "sha1-s6RlB5D0E7CRlX+HrMiByYt6g6I="
    },
    "rdf-store-inmemory": {
      "version": "0.3.0",
      "resolved": "https://registry.npmjs.org/rdf-store-inmemory/-/rdf-store-inmemory-0.3.0.tgz",
      "integrity": "sha1-051xLtt7Rk4qcMwBm6O+6nFiO3A=",
      "requires": {
        "rdf-ext": "^0.3.0",
        "rdf-store-abstract": "^0.3.0"
      }
    },
    "webcola": {
      "version": "3.3.9",
      "resolved": "https://registry.npmjs.org/webcola/-/webcola-3.3.9.tgz",
      "integrity": "sha512-hjE23yiRU+7AGajxuDdUDW8txyMVgXHCW71erA0UVKYx0lruqs1o4QFQ0OSpSdNS6wlAwgk0IPxhuEiQq1MXfQ==",
      "requires": {
        "d3-dispatch": "^1.0.3",
        "d3-drag": "^1.0.4",
        "d3-timer": "^1.0.5"
      }
    },
    "whatwg-fetch": {
      "version": "2.0.4",
      "resolved": "https://registry.npmjs.org/whatwg-fetch/-/whatwg-fetch-2.0.4.tgz",
      "integrity": "sha512-dcQ1GWpOD/eEQ97k66aiEVpNnapVj90/+R+SXTPYGHpYBBypfKJEQjLrvMZ7YXbKm21gXd4NcuxUTjiv1YtLng=="
    }
  }
}
